// !$*UTF8*$!
{
	archiveVersion = 1;
	classes = {
	};
	objectVersion = 46;
	objects = {

/* Begin PBXBuildFile section */
		41F53D0A1D47FD3A0096A7A3 /* main.m in Sources */ = {isa = PBXBuildFile; fileRef = 41F53D091D47FD3A0096A7A3 /* main.m */; };
		41F53D0D1D47FD3A0096A7A3 /* AppDelegate.m in Sources */ = {isa = PBXBuildFile; fileRef = 41F53D0C1D47FD3A0096A7A3 /* AppDelegate.m */; };
		41F53D101D47FD3A0096A7A3 /* ViewController.m in Sources */ = {isa = PBXBuildFile; fileRef = 41F53D0F1D47FD3A0096A7A3 /* ViewController.m */; };
		41F53D131D47FD3A0096A7A3 /* Main.storyboard in Resources */ = {isa = PBXBuildFile; fileRef = 41F53D111D47FD3A0096A7A3 /* Main.storyboard */; };
		41F53D151D47FD3B0096A7A3 /* Assets.xcassets in Resources */ = {isa = PBXBuildFile; fileRef = 41F53D141D47FD3B0096A7A3 /* Assets.xcassets */; };
		41F53D181D47FD3B0096A7A3 /* LaunchScreen.storyboard in Resources */ = {isa = PBXBuildFile; fileRef = 41F53D161D47FD3B0096A7A3 /* LaunchScreen.storyboard */; };
		41F53D231D47FD3B0096A7A3 /* TestStaticTests.m in Sources */ = {isa = PBXBuildFile; fileRef = 41F53D221D47FD3B0096A7A3 /* TestStaticTests.m */; };
		41F53D2F1D47FDC40096A7A3 /* Manager.m in Sources */ = {isa = PBXBuildFile; fileRef = 41F53D2E1D47FDC40096A7A3 /* Manager.m */; };
		41F53D301D47FDC40096A7A3 /* Manager.m in Sources */ = {isa = PBXBuildFile; fileRef = 41F53D2E1D47FDC40096A7A3 /* Manager.m */; };
/* End PBXBuildFile section */

/* Begin PBXContainerItemProxy section */
		41F53D1F1D47FD3B0096A7A3 /* PBXContainerItemProxy */ = {
			isa = PBXContainerItemProxy;
			containerPortal = 41F53CFD1D47FD3A0096A7A3 /* Project object */;
			proxyType = 1;
			remoteGlobalIDString = 41F53D041D47FD3A0096A7A3;
			remoteInfo = TestStatic;
		};
/* End PBXContainerItemProxy section */

/* Begin PBXFileReference section */
		41F53D051D47FD3A0096A7A3 /* TestStatic.app */ = {isa = PBXFileReference; explicitFileType = wrapper.application; includeInIndex = 0; path = TestStatic.app; sourceTree = BUILT_PRODUCTS_DIR; };
		41F53D091D47FD3A0096A7A3 /* main.m */ = {isa = PBXFileReference; lastKnownFileType = sourcecode.c.objc; path = main.m; sourceTree = "<group>"; };
		41F53D0B1D47FD3A0096A7A3 /* AppDelegate.h */ = {isa = PBXFileReference; lastKnownFileType = sourcecode.c.h; path = AppDelegate.h; sourceTree = "<group>"; };
		41F53D0C1D47FD3A0096A7A3 /* AppDelegate.m */ = {isa = PBXFileReference; lastKnownFileType = sourcecode.c.objc; path = AppDelegate.m; sourceTree = "<group>"; };
		41F53D0E1D47FD3A0096A7A3 /* ViewController.h */ = {isa = PBXFileReference; lastKnownFileType = sourcecode.c.h; path = ViewController.h; sourceTree = "<group>"; };
		41F53D0F1D47FD3A0096A7A3 /* ViewController.m */ = {isa = PBXFileReference; lastKnownFileType = sourcecode.c.objc; path = ViewController.m; sourceTree = "<group>"; };
		41F53D121D47FD3A0096A7A3 /* Base */ = {isa = PBXFileReference; lastKnownFileType = file.storyboard; name = Base; path = Base.lproj/Main.storyboard; sourceTree = "<group>"; };
		41F53D141D47FD3B0096A7A3 /* Assets.xcassets */ = {isa = PBXFileReference; lastKnownFileType = folder.assetcatalog; path = Assets.xcassets; sourceTree = "<group>"; };
		41F53D171D47FD3B0096A7A3 /* Base */ = {isa = PBXFileReference; lastKnownFileType = file.storyboard; name = Base; path = Base.lproj/LaunchScreen.storyboard; sourceTree = "<group>"; };
		41F53D191D47FD3B0096A7A3 /* Info.plist */ = {isa = PBXFileReference; lastKnownFileType = text.plist.xml; path = Info.plist; sourceTree = "<group>"; };
		41F53D1E1D47FD3B0096A7A3 /* TestStaticTests.xctest */ = {isa = PBXFileReference; explicitFileType = wrapper.cfbundle; includeInIndex = 0; path = TestStaticTests.xctest; sourceTree = BUILT_PRODUCTS_DIR; };
		41F53D221D47FD3B0096A7A3 /* TestStaticTests.m */ = {isa = PBXFileReference; lastKnownFileType = sourcecode.c.objc; path = TestStaticTests.m; sourceTree = "<group>"; };
		41F53D241D47FD3B0096A7A3 /* Info.plist */ = {isa = PBXFileReference; lastKnownFileType = text.plist.xml; path = Info.plist; sourceTree = "<group>"; };
		41F53D2D1D47FDC40096A7A3 /* Manager.h */ = {isa = PBXFileReference; fileEncoding = 4; lastKnownFileType = sourcecode.c.h; path = Manager.h; sourceTree = "<group>"; };
		41F53D2E1D47FDC40096A7A3 /* Manager.m */ = {isa = PBXFileReference; fileEncoding = 4; lastKnownFileType = sourcecode.c.objc; path = Manager.m; sourceTree = "<group>"; };
/* End PBXFileReference section */

/* Begin PBXFrameworksBuildPhase section */
		41F53D021D47FD3A0096A7A3 /* Frameworks */ = {
			isa = PBXFrameworksBuildPhase;
			buildActionMask = 2147483647;
			files = (
			);
			runOnlyForDeploymentPostprocessing = 0;
		};
		41F53D1B1D47FD3B0096A7A3 /* Frameworks */ = {
			isa = PBXFrameworksBuildPhase;
			buildActionMask = 2147483647;
			files = (
			);
			runOnlyForDeploymentPostprocessing = 0;
		};
/* End PBXFrameworksBuildPhase section */

/* Begin PBXGroup section */
		41F53CFC1D47FD3A0096A7A3 = {
			isa = PBXGroup;
			children = (
				41F53D071D47FD3A0096A7A3 /* TestStatic */,
				41F53D211D47FD3B0096A7A3 /* TestStaticTests */,
				41F53D061D47FD3A0096A7A3 /* Products */,
			);
			sourceTree = "<group>";
		};
		41F53D061D47FD3A0096A7A3 /* Products */ = {
			isa = PBXGroup;
			children = (
				41F53D051D47FD3A0096A7A3 /* TestStatic.app */,
				41F53D1E1D47FD3B0096A7A3 /* TestStaticTests.xctest */,
			);
			name = Products;
			sourceTree = "<group>";
		};
		41F53D071D47FD3A0096A7A3 /* TestStatic */ = {
			isa = PBXGroup;
			children = (
				41F53D0B1D47FD3A0096A7A3 /* AppDelegate.h */,
				41F53D0C1D47FD3A0096A7A3 /* AppDelegate.m */,
				41F53D0E1D47FD3A0096A7A3 /* ViewController.h */,
				41F53D0F1D47FD3A0096A7A3 /* ViewController.m */,
				41F53D111D47FD3A0096A7A3 /* Main.storyboard */,
				41F53D141D47FD3B0096A7A3 /* Assets.xcassets */,
				41F53D161D47FD3B0096A7A3 /* LaunchScreen.storyboard */,
				41F53D191D47FD3B0096A7A3 /* Info.plist */,
				41F53D081D47FD3A0096A7A3 /* Supporting Files */,
				41F53D2D1D47FDC40096A7A3 /* Manager.h */,
				41F53D2E1D47FDC40096A7A3 /* Manager.m */,
			);
			path = TestStatic;
			sourceTree = "<group>";
		};
		41F53D081D47FD3A0096A7A3 /* Supporting Files */ = {
			isa = PBXGroup;
			children = (
				41F53D091D47FD3A0096A7A3 /* main.m */,
			);
			name = "Supporting Files";
			sourceTree = "<group>";
		};
		41F53D211D47FD3B0096A7A3 /* TestStaticTests */ = {
			isa = PBXGroup;
			children = (
				41F53D221D47FD3B0096A7A3 /* TestStaticTests.m */,
				41F53D241D47FD3B0096A7A3 /* Info.plist */,
			);
			path = TestStaticTests;
			sourceTree = "<group>";
		};
/* End PBXGroup section */

/* Begin PBXNativeTarget section */
		41F53D041D47FD3A0096A7A3 /* TestStatic */ = {
			isa = PBXNativeTarget;
			buildConfigurationList = 41F53D271D47FD3B0096A7A3 /* Build configuration list for PBXNativeTarget "TestStatic" */;
			buildPhases = (
				41F53D011D47FD3A0096A7A3 /* Sources */,
				41F53D021D47FD3A0096A7A3 /* Frameworks */,
				41F53D031D47FD3A0096A7A3 /* Resources */,
			);
			buildRules = (
			);
			dependencies = (
			);
			name = TestStatic;
			productName = TestStatic;
			productReference = 41F53D051D47FD3A0096A7A3 /* TestStatic.app */;
			productType = "com.apple.product-type.application";
		};
		41F53D1D1D47FD3B0096A7A3 /* TestStaticTests */ = {
			isa = PBXNativeTarget;
			buildConfigurationList = 41F53D2A1D47FD3B0096A7A3 /* Build configuration list for PBXNativeTarget "TestStaticTests" */;
			buildPhases = (
				41F53D1A1D47FD3B0096A7A3 /* Sources */,
				41F53D1B1D47FD3B0096A7A3 /* Frameworks */,
				41F53D1C1D47FD3B0096A7A3 /* Resources */,
			);
			buildRules = (
			);
			dependencies = (
				41F53D201D47FD3B0096A7A3 /* PBXTargetDependency */,
			);
			name = TestStaticTests;
			productName = TestStaticTests;
			productReference = 41F53D1E1D47FD3B0096A7A3 /* TestStaticTests.xctest */;
			productType = "com.apple.product-type.bundle.unit-test";
		};
/* End PBXNativeTarget section */

/* Begin PBXProject section */
		41F53CFD1D47FD3A0096A7A3 /* Project object */ = {
			isa = PBXProject;
			attributes = {
				LastUpgradeCheck = 0730;
				ORGANIZATIONNAME = AWeber;
				TargetAttributes = {
					41F53D041D47FD3A0096A7A3 = {
						CreatedOnToolsVersion = 7.3.1;
					};
					41F53D1D1D47FD3B0096A7A3 = {
						CreatedOnToolsVersion = 7.3.1;
						TestTargetID = 41F53D041D47FD3A0096A7A3;
					};
				};
			};
			buildConfigurationList = 41F53D001D47FD3A0096A7A3 /* Build configuration list for PBXProject "TestStatic" */;
			compatibilityVersion = "Xcode 3.2";
			developmentRegion = English;
			hasScannedForEncodings = 0;
			knownRegions = (
				en,
				Base,
			);
			mainGroup = 41F53CFC1D47FD3A0096A7A3;
			productRefGroup = 41F53D061D47FD3A0096A7A3 /* Products */;
			projectDirPath = "";
			projectRoot = "";
			targets = (
				41F53D041D47FD3A0096A7A3 /* TestStatic */,
				41F53D1D1D47FD3B0096A7A3 /* TestStaticTests */,
			);
		};
/* End PBXProject section */

/* Begin PBXResourcesBuildPhase section */
		41F53D031D47FD3A0096A7A3 /* Resources */ = {
			isa = PBXResourcesBuildPhase;
			buildActionMask = 2147483647;
			files = (
				41F53D181D47FD3B0096A7A3 /* LaunchScreen.storyboard in Resources */,
				41F53D151D47FD3B0096A7A3 /* Assets.xcassets in Resources */,
				41F53D131D47FD3A0096A7A3 /* Main.storyboard in Resources */,
			);
			runOnlyForDeploymentPostprocessing = 0;
		};
		41F53D1C1D47FD3B0096A7A3 /* Resources */ = {
			isa = PBXResourcesBuildPhase;
			buildActionMask = 2147483647;
			files = (
			);
			runOnlyForDeploymentPostprocessing = 0;
		};
/* End PBXResourcesBuildPhase section */

/* Begin PBXSourcesBuildPhase section */
		41F53D011D47FD3A0096A7A3 /* Sources */ = {
			isa = PBXSourcesBuildPhase;
			buildActionMask = 2147483647;
			files = (
				41F53D101D47FD3A0096A7A3 /* ViewController.m in Sources */,
				41F53D0D1D47FD3A0096A7A3 /* AppDelegate.m in Sources */,
				41F53D0A1D47FD3A0096A7A3 /* main.m in Sources */,
				41F53D2F1D47FDC40096A7A3 /* Manager.m in Sources */,
			);
			runOnlyForDeploymentPostprocessing = 0;
		};
		41F53D1A1D47FD3B0096A7A3 /* Sources */ = {
			isa = PBXSourcesBuildPhase;
			buildActionMask = 2147483647;
			files = (
				41F53D231D47FD3B0096A7A3 /* TestStaticTests.m in Sources */,
				41F53D301D47FDC40096A7A3 /* Manager.m in Sources */,
			);
			runOnlyForDeploymentPostprocessing = 0;
		};
/* End PBXSourcesBuildPhase section */

/* Begin PBXTargetDependency section */
		41F53D201D47FD3B0096A7A3 /* PBXTargetDependency */ = {
			isa = PBXTargetDependency;
			target = 41F53D041D47FD3A0096A7A3 /* TestStatic */;
			targetProxy = 41F53D1F1D47FD3B0096A7A3 /* PBXContainerItemProxy */;
		};
/* End PBXTargetDependency section */

/* Begin PBXVariantGroup section */
		41F53D111D47FD3A0096A7A3 /* Main.storyboard */ = {
			isa = PBXVariantGroup;
			children = (
				41F53D121D47FD3A0096A7A3 /* Base */,
			);
			name = Main.storyboard;
			sourceTree = "<group>";
		};
		41F53D161D47FD3B0096A7A3 /* LaunchScreen.storyboard */ = {
			isa = PBXVariantGroup;
			children = (
				41F53D171D47FD3B0096A7A3 /* Base */,
			);
			name = LaunchScreen.storyboard;
			sourceTree = "<group>";
		};
/* End PBXVariantGroup section */

/* Begin XCBuildConfiguration section */
		41F53D251D47FD3B0096A7A3 /* Debug */ = {
			isa = XCBuildConfiguration;
			buildSettings = {
				ALWAYS_SEARCH_USER_PATHS = NO;
				CLANG_ANALYZER_NONNULL = YES;
				CLANG_CXX_LANGUAGE_STANDARD = "gnu++0x";
				CLANG_CXX_LIBRARY = "libc++";
				CLANG_ENABLE_MODULES = YES;
				CLANG_ENABLE_OBJC_ARC = YES;
				CLANG_WARN_BOOL_CONVERSION = YES;
				CLANG_WARN_CONSTANT_CONVERSION = YES;
				CLANG_WARN_DIRECT_OBJC_ISA_USAGE = YES_ERROR;
				CLANG_WARN_EMPTY_BODY = YES;
				CLANG_WARN_ENUM_CONVERSION = YES;
				CLANG_WARN_INT_CONVERSION = YES;
				CLANG_WARN_OBJC_ROOT_CLASS = YES_ERROR;
				CLANG_WARN_UNREACHABLE_CODE = YES;
				CLANG_WARN__DUPLICATE_METHOD_MATCH = YES;
				"CODE_SIGN_IDENTITY[sdk=iphoneos*]" = "iPhone Developer";
				COPY_PHASE_STRIP = NO;
				DEBUG_INFORMATION_FORMAT = dwarf;
				ENABLE_STRICT_OBJC_MSGSEND = YES;
				ENABLE_TESTABILITY = YES;
				GCC_C_LANGUAGE_STANDARD = gnu99;
				GCC_DYNAMIC_NO_PIC = NO;
				GCC_NO_COMMON_BLOCKS = YES;
				GCC_OPTIMIZATION_LEVEL = 0;
				GCC_PREPROCESSOR_DEFINITIONS = (
					"DEBUG=1",
					"$(inherited)",
				);
				GCC_WARN_64_TO_32_BIT_CONVERSION = YES;
				GCC_WARN_ABOUT_RETURN_TYPE = YES_ERROR;
				GCC_WARN_UNDECLARED_SELECTOR = YES;
				GCC_WARN_UNINITIALIZED_AUTOS = YES_AGGRESSIVE;
				GCC_WARN_UNUSED_FUNCTION = YES;
				GCC_WARN_UNUSED_VARIABLE = YES;
				IPHONEOS_DEPLOYMENT_TARGET = 9.3;
				MTL_ENABLE_DEBUG_INFO = YES;
				ONLY_ACTIVE_ARCH = YES;
				SDKROOT = iphoneos;
				TARGETED_DEVICE_FAMILY = "1,2";
			};
			name = Debug;
		};
		41F53D261D47FD3B0096A7A3 /* Release */ = {
			isa = XCBuildConfiguration;
			buildSettings = {
				ALWAYS_SEARCH_USER_PATHS = NO;
				CLANG_ANALYZER_NONNULL = YES;
				CLANG_CXX_LANGUAGE_STANDARD = "gnu++0x";
				CLANG_CXX_LIBRARY = "libc++";
				CLANG_ENABLE_MODULES = YES;
				CLANG_ENABLE_OBJC_ARC = YES;
				CLANG_WARN_BOOL_CONVERSION = YES;
				CLANG_WARN_CONSTANT_CONVERSION = YES;
				CLANG_WARN_DIRECT_OBJC_ISA_USAGE = YES_ERROR;
				CLANG_WARN_EMPTY_BODY = YES;
				CLANG_WARN_ENUM_CONVERSION = YES;
				CLANG_WARN_INT_CONVERSION = YES;
				CLANG_WARN_OBJC_ROOT_CLASS = YES_ERROR;
				CLANG_WARN_UNREACHABLE_CODE = YES;
				CLANG_WARN__DUPLICATE_METHOD_MATCH = YES;
				"CODE_SIGN_IDENTITY[sdk=iphoneos*]" = "iPhone Developer";
				COPY_PHASE_STRIP = NO;
				DEBUG_INFORMATION_FORMAT = "dwarf-with-dsym";
				ENABLE_NS_ASSERTIONS = NO;
				ENABLE_STRICT_OBJC_MSGSEND = YES;
				GCC_C_LANGUAGE_STANDARD = gnu99;
				GCC_NO_COMMON_BLOCKS = YES;
				GCC_WARN_64_TO_32_BIT_CONVERSION = YES;
				GCC_WARN_ABOUT_RETURN_TYPE = YES_ERROR;
				GCC_WARN_UNDECLARED_SELECTOR = YES;
				GCC_WARN_UNINITIALIZED_AUTOS = YES_AGGRESSIVE;
				GCC_WARN_UNUSED_FUNCTION = YES;
				GCC_WARN_UNUSED_VARIABLE = YES;
				IPHONEOS_DEPLOYMENT_TARGET = 9.3;
				MTL_ENABLE_DEBUG_INFO = NO;
				SDKROOT = iphoneos;
				TARGETED_DEVICE_FAMILY = "1,2";
				VALIDATE_PRODUCT = YES;
			};
			name = Release;
		};
		41F53D281D47FD3B0096A7A3 /* Debug */ = {
			isa = XCBuildConfiguration;
			buildSettings = {
				ASSETCATALOG_COMPILER_APPICON_NAME = AppIcon;
				INFOPLIST_FILE = TestStatic/Info.plist;
				LD_RUNPATH_SEARCH_PATHS = "$(inherited) @executable_path/Frameworks";
				PRODUCT_BUNDLE_IDENTIFIER = com.aweber.TestStatic;
				PRODUCT_NAME = "$(TARGET_NAME)";
			};
			name = Debug;
		};
		41F53D291D47FD3B0096A7A3 /* Release */ = {
			isa = XCBuildConfiguration;
			buildSettings = {
				ASSETCATALOG_COMPILER_APPICON_NAME = AppIcon;
				INFOPLIST_FILE = TestStatic/Info.plist;
				LD_RUNPATH_SEARCH_PATHS = "$(inherited) @executable_path/Frameworks";
				PRODUCT_BUNDLE_IDENTIFIER = com.aweber.TestStatic;
				PRODUCT_NAME = "$(TARGET_NAME)";
			};
			name = Release;
		};
		41F53D2B1D47FD3B0096A7A3 /* Debug */ = {
			isa = XCBuildConfiguration;
			buildSettings = {
				BUNDLE_LOADER = "$(TEST_HOST)";
				INFOPLIST_FILE = TestStaticTests/Info.plist;
				LD_RUNPATH_SEARCH_PATHS = "$(inherited) @executable_path/Frameworks @loader_path/Frameworks";
				PRODUCT_BUNDLE_IDENTIFIER = com.aweber.TestStaticTests;
				PRODUCT_NAME = "$(TARGET_NAME)";
				TEST_HOST = "$(BUILT_PRODUCTS_DIR)/TestStatic.app/TestStatic";
			};
			name = Debug;
		};
		41F53D2C1D47FD3B0096A7A3 /* Release */ = {
			isa = XCBuildConfiguration;
			buildSettings = {
				BUNDLE_LOADER = "$(TEST_HOST)";
				INFOPLIST_FILE = TestStaticTests/Info.plist;
				LD_RUNPATH_SEARCH_PATHS = "$(inherited) @executable_path/Frameworks @loader_path/Frameworks";
				PRODUCT_BUNDLE_IDENTIFIER = com.aweber.TestStaticTests;
				PRODUCT_NAME = "$(TARGET_NAME)";
				TEST_HOST = "$(BUILT_PRODUCTS_DIR)/TestStatic.app/TestStatic";
			};
			name = Release;
		};
/* End XCBuildConfiguration section */

/* Begin XCConfigurationList section */
		41F53D001D47FD3A0096A7A3 /* Build configuration list for PBXProject "TestStatic" */ = {
			isa = XCConfigurationList;
			buildConfigurations = (
				41F53D251D47FD3B0096A7A3 /* Debug */,
				41F53D261D47FD3B0096A7A3 /* Release */,
			);
			defaultConfigurationIsVisible = 0;
			defaultConfigurationName = Release;
		};
		41F53D271D47FD3B0096A7A3 /* Build configuration list for PBXNativeTarget "TestStatic" */ = {
			isa = XCConfigurationList;
			buildConfigurations = (
				41F53D281D47FD3B0096A7A3 /* Debug */,
				41F53D291D47FD3B0096A7A3 /* Release */,
			);
			defaultConfigurationIsVisible = 0;
		};
		41F53D2A1D47FD3B0096A7A3 /* Build configuration list for PBXNativeTarget "TestStaticTests" */ = {
			isa = XCConfigurationList;
			buildConfigurations = (
				41F53D2B1D47FD3B0096A7A3 /* Debug */,
				41F53D2C1D47FD3B0096A7A3 /* Release */,
			);
			defaultConfigurationIsVisible = 0;
		};
/* End XCConfigurationList section */
	};
	rootObject = 41F53CFD1D47FD3A0096A7A3 /* Project object */;
}
